
Microsoft Visual Studio Solution File, Format Version 12.00
# Visual Studio Version 17
VisualStudioVersion = 17.5.33424.131
MinimumVisualStudioVersion = 10.0.40219.1
Project("{2150E333-8FDC-42A3-9474-1A3956D46DE8}") = "src", "src", "{A1893BD1-333D-4DFE-A0F0-DDBB2FE526E0}"
EndProject
Project("{9A19103F-16F7-4668-BE54-9A1E7A4F7556}") = "Serilog.Extensions.Logging", "src\Serilog.Extensions.Logging\Serilog.Extensions.Logging.csproj", "{903CD13A-D54B-4CEC-A55F-E22AE3D93B3B}"
EndProject
Project("{9A19103F-16F7-4668-BE54-9A1E7A4F7556}") = "Serilog.Extensions.Logging.Tests", "test\Serilog.Extensions.Logging.Tests\Serilog.Extensions.Logging.Tests.csproj", "{37EADF84-5E41-4224-A194-1E3299DCD0B8}"
EndProject
Project("{2150E333-8FDC-42A3-9474-1A3956D46DE8}") = "test", "test", "{E30F638E-BBBE-4AD1-93CE-48CC69CFEFE1}"
EndProject
Project("{2150E333-8FDC-42A3-9474-1A3956D46DE8}") = "samples", "samples", "{F2407211-6043-439C-8E06-3641634332E7}"
EndProject
Project("{9A19103F-16F7-4668-BE54-9A1E7A4F7556}") = "Sample", "samples\Sample\Sample.csproj", "{65357FBC-9BC4-466D-B621-1C3A19BC2A78}"
EndProject
Project("{2150E333-8FDC-42A3-9474-1A3956D46DE8}") = "assets", "assets", "{9C21B9DF-AEDD-4AA6-BEA4-912DEF3E5B8E}"
	ProjectSection(SolutionItems) = preProject
		.editorconfig = .editorconfig
		Build.ps1 = Build.ps1
		Directory.Build.props = Directory.Build.props
		README.md = README.md
		assets\Serilog.snk = assets\Serilog.snk
		global.json = global.json
		Directory.Version.props = Directory.Version.props
	EndProjectSection
EndProject
Project("{9A19103F-16F7-4668-BE54-9A1E7A4F7556}") = "Serilog.Extensions.Logging.Benchmarks", "test\Serilog.Extensions.Logging.Benchmarks\Serilog.Extensions.Logging.Benchmarks.csproj", "{6D5986FF-EECD-4E75-8BC6-A5F78AB549B2}"
EndProject
Project("{FAE04EC0-301F-11D3-BF4B-00C04F79EFBC}") = "SampleWithExternalScope", "samples\SampleWithExternalScope\SampleWithExternalScope.csproj", "{653092A8-CBAD-40AA-A4CE-F8B19D6492C2}"
EndProject
Project("{FAE04EC0-301F-11D3-BF4B-00C04F79EFBC}") = "SampleWithMelProviders", "samples\SampleWithMelProviders\SampleWithMelProviders.csproj", "{B1454759-126F-4F33-84EE-C8E19541DF79}"
EndProject
Global
	GlobalSection(SolutionConfigurationPlatforms) = preSolution
		Debug|Any CPU = Debug|Any CPU
		Release|Any CPU = Release|Any CPU
	EndGlobalSection
	GlobalSection(ProjectConfigurationPlatforms) = postSolution
		{903CD13A-D54B-4CEC-A55F-E22AE3D93B3B}.Debug|Any CPU.ActiveCfg = Debug|Any CPU
		{903CD13A-D54B-4CEC-A55F-E22AE3D93B3B}.Debug|Any CPU.Build.0 = Debug|Any CPU
		{903CD13A-D54B-4CEC-A55F-E22AE3D93B3B}.Release|Any CPU.ActiveCfg = Release|Any CPU
		{903CD13A-D54B-4CEC-A55F-E22AE3D93B3B}.Release|Any CPU.Build.0 = Release|Any CPU
		{37EADF84-5E41-4224-A194-1E3299DCD0B8}.Debug|Any CPU.ActiveCfg = Debug|Any CPU
		{37EADF84-5E41-4224-A194-1E3299DCD0B8}.Debug|Any CPU.Build.0 = Debug|Any CPU
		{37EADF84-5E41-4224-A194-1E3299DCD0B8}.Release|Any CPU.ActiveCfg = Release|Any CPU
		{37EADF84-5E41-4224-A194-1E3299DCD0B8}.Release|Any CPU.Build.0 = Release|Any CPU
		{65357FBC-9BC4-466D-B621-1C3A19BC2A78}.Debug|Any CPU.ActiveCfg = Debug|Any CPU
		{65357FBC-9BC4-466D-B621-1C3A19BC2A78}.Debug|Any CPU.Build.0 = Debug|Any CPU
		{65357FBC-9BC4-466D-B621-1C3A19BC2A78}.Release|Any CPU.ActiveCfg = Release|Any CPU
		{65357FBC-9BC4-466D-B621-1C3A19BC2A78}.Release|Any CPU.Build.0 = Release|Any CPU
		{6D5986FF-EECD-4E75-8BC6-A5F78AB549B2}.Debug|Any CPU.ActiveCfg = Debug|Any CPU
		{6D5986FF-EECD-4E75-8BC6-A5F78AB549B2}.Debug|Any CPU.Build.0 = Debug|Any CPU
		{6D5986FF-EECD-4E75-8BC6-A5F78AB549B2}.Release|Any CPU.ActiveCfg = Release|Any CPU
		{6D5986FF-EECD-4E75-8BC6-A5F78AB549B2}.Release|Any CPU.Build.0 = Release|Any CPU
		{653092A8-CBAD-40AA-A4CE-F8B19D6492C2}.Debug|Any CPU.ActiveCfg = Debug|Any CPU
		{653092A8-CBAD-40AA-A4CE-F8B19D6492C2}.Debug|Any CPU.Build.0 = Debug|Any CPU
		{653092A8-CBAD-40AA-A4CE-F8B19D6492C2}.Release|Any CPU.ActiveCfg = Release|Any CPU
		{653092A8-CBAD-40AA-A4CE-F8B19D6492C2}.Release|Any CPU.Build.0 = Release|Any CPU
		{B1454759-126F-4F33-84EE-C8E19541DF79}.Debug|Any CPU.ActiveCfg = Debug|Any CPU
		{B1454759-126F-4F33-84EE-C8E19541DF79}.Debug|Any CPU.Build.0 = Debug|Any CPU
		{B1454759-126F-4F33-84EE-C8E19541DF79}.Release|Any CPU.ActiveCfg = Release|Any CPU
		{B1454759-126F-4F33-84EE-C8E19541DF79}.Release|Any CPU.Build.0 = Release|Any CPU
	EndGlobalSection
	GlobalSection(SolutionProperties) = preSolution
		HideSolutionNode = FALSE
	EndGlobalSection
	GlobalSection(NestedProjects) = preSolution
		{903CD13A-D54B-4CEC-A55F-E22AE3D93B3B} = {A1893BD1-333D-4DFE-A0F0-DDBB2FE526E0}
		{37EADF84-5E41-4224-A194-1E3299DCD0B8} = {E30F638E-BBBE-4AD1-93CE-48CC69CFEFE1}
		{65357FBC-9BC4-466D-B621-1C3A19BC2A78} = {F2407211-6043-439C-8E06-3641634332E7}
		{6D5986FF-EECD-4E75-8BC6-A5F78AB549B2} = {E30F638E-BBBE-4AD1-93CE-48CC69CFEFE1}
		{653092A8-CBAD-40AA-A4CE-F8B19D6492C2} = {F2407211-6043-439C-8E06-3641634332E7}
		{B1454759-126F-4F33-84EE-C8E19541DF79} = {F2407211-6043-439C-8E06-3641634332E7}
	EndGlobalSection
	GlobalSection(ExtensibilityGlobals) = postSolution
		SolutionGuid = {811E61C5-3871-4633-AFAE-B35B619C8A10}
	EndGlobalSection
EndGlobal
